
Microsoft Visual Studio Solution File, Format Version 12.00
# Visual Studio Version 16
VisualStudioVersion = 16.0.31313.79
MinimumVisualStudioVersion = 10.0.40219.1
Project("{FAE04EC0-301F-11D3-BF4B-00C04F79EFBC}") = "FoodOrdering.Android", "FoodOrdering\FoodOrdering.Android\FoodOrdering.Android.csproj", "{3D8EDEA7-371F-4713-A9CC-63D6434B61E8}"
EndProject
Project("{FAE04EC0-301F-11D3-BF4B-00C04F79EFBC}") = "FoodOrdering.iOS", "FoodOrdering\FoodOrdering.iOS\FoodOrdering.iOS.csproj", "{AAF8215A-A46B-49E0-BAC4-0AC7588CD5BA}"
EndProject
Project("{FAE04EC0-301F-11D3-BF4B-00C04F79EFBC}") = "FoodOrdering", "FoodOrdering\FoodOrdering\FoodOrdering.csproj", "{3EDFD3DD-D9D5-45C4-B707-06B3A8C25A6F}"
EndProject
Global
	GlobalSection(SolutionConfigurationPlatforms) = preSolution
		Debug|Any CPU = Debug|Any CPU
		Debug|iPhone = Debug|iPhone
		Debug|iPhoneSimulator = Debug|iPhoneSimulator
		Release|Any CPU = Release|Any CPU
		Release|iPhone = Release|iPhone
		Release|iPhoneSimulator = Release|iPhoneSimulator
	EndGlobalSection
	GlobalSection(ProjectConfigurationPlatforms) = postSolution
		{3D8EDEA7-371F-4713-A9CC-63D6434B61E8}.Debug|Any CPU.ActiveCfg = Debug|Any CPU
		{3D8EDEA7-371F-4713-A9CC-63D6434B61E8}.Debug|Any CPU.Build.0 = Debug|Any CPU
		{3D8EDEA7-371F-4713-A9CC-63D6434B61E8}.Debug|Any CPU.Deploy.0 = Debug|Any CPU
		{3D8EDEA7-371F-4713-A9CC-63D6434B61E8}.Debug|iPhone.ActiveCfg = Debug|Any CPU
		{3D8EDEA7-371F-4713-A9CC-63D6434B61E8}.Debug|iPhone.Build.0 = Debug|Any CPU
		{3D8EDEA7-371F-4713-A9CC-63D6434B61E8}.Debug|iPhone.Deploy.0 = Debug|Any CPU
		{3D8EDEA7-371F-4713-A9CC-63D6434B61E8}.Debug|iPhoneSimulator.ActiveCfg = Debug|Any CPU
		{3D8EDEA7-371F-4713-A9CC-63D6434B61E8}.Debug|iPhoneSimulator.Build.0 = Debug|Any CPU
		{3D8EDEA7-371F-4713-A9CC-63D6434B61E8}.Debug|iPhoneSimulator.Deploy.0 = Debug|Any CPU
		{3D8EDEA7-371F-4713-A9CC-63D6434B61E8}.Release|Any CPU.ActiveCfg = Release|Any CPU
		{3D8EDEA7-371F-4713-A9CC-63D6434B61E8}.Release|Any CPU.Build.0 = Release|Any CPU
		{3D8EDEA7-371F-4713-A9CC-63D6434B61E8}.Release|Any CPU.Deploy.0 = Release|Any CPU
		{3D8EDEA7-371F-4713-A9CC-63D6434B61E8}.Release|iPhone.ActiveCfg = Release|Any CPU
		{3D8EDEA7-371F-4713-A9CC-63D6434B61E8}.Release|iPhone.Build.0 = Release|Any CPU
		{3D8EDEA7-371F-4713-A9CC-63D6434B61E8}.Release|iPhone.Deploy.0 = Release|Any CPU
		{3D8EDEA7-371F-4713-A9CC-63D6434B61E8}.Release|iPhoneSimulator.ActiveCfg = Release|Any CPU
		{3D8EDEA7-371F-4713-A9CC-63D6434B61E8}.Release|iPhoneSimulator.Build.0 = Release|Any CPU
		{3D8EDEA7-371F-4713-A9CC-63D6434B61E8}.Release|iPhoneSimulator.Deploy.0 = Release|Any CPU
		{AAF8215A-A46B-49E0-BAC4-0AC7588CD5BA}.Debug|Any CPU.ActiveCfg = Debug|iPhone
		{AAF8215A-A46B-49E0-BAC4-0AC7588CD5BA}.Debug|Any CPU.Build.0 = Debug|iPhone
		{AAF8215A-A46B-49E0-BAC4-0AC7588CD5BA}.Debug|Any CPU.Deploy.0 = Debug|iPhone
		{AAF8215A-A46B-49E0-BAC4-0AC7588CD5BA}.Debug|iPhone.ActiveCfg = Debug|iPhone
		{AAF8215A-A46B-49E0-BAC4-0AC7588CD5BA}.Debug|iPhone.Build.0 = Debug|iPhone
		{AAF8215A-A46B-49E0-BAC4-0AC7588CD5BA}.Debug|iPhone.Deploy.0 = Debug|iPhone
		{AAF8215A-A46B-49E0-BAC4-0AC7588CD5BA}.Debug|iPhoneSimulator.ActiveCfg = Debug|iPhoneSimulator
		{AAF8215A-A46B-49E0-BAC4-0AC7588CD5BA}.Debug|iPhoneSimulator.Build.0 = Debug|iPhoneSimulator
		{AAF8215A-A46B-49E0-BAC4-0AC7588CD5BA}.Debug|iPhoneSimulator.Deploy.0 = Debug|iPhoneSimulator
		{AAF8215A-A46B-49E0-BAC4-0AC7588CD5BA}.Release|Any CPU.ActiveCfg = Release|iPhoneSimulator
		{AAF8215A-A46B-49E0-BAC4-0AC7588CD5BA}.Release|Any CPU.Build.0 = Release|iPhoneSimulator
		{AAF8215A-A46B-49E0-BAC4-0AC7588CD5BA}.Release|Any CPU.Deploy.0 = Release|iPhoneSimulator
		{AAF8215A-A46B-49E0-BAC4-0AC7588CD5BA}.Release|iPhone.ActiveCfg = Release|iPhone
		{AAF8215A-A46B-49E0-BAC4-0AC7588CD5BA}.Release|iPhone.Build.0 = Release|iPhone
		{AAF8215A-A46B-49E0-BAC4-0AC7588CD5BA}.Release|iPhone.Deploy.0 = Release|iPhone
		{AAF8215A-A46B-49E0-BAC4-0AC7588CD5BA}.Release|iPhoneSimulator.ActiveCfg = Release|iPhoneSimulator
		{AAF8215A-A46B-49E0-BAC4-0AC7588CD5BA}.Release|iPhoneSimulator.Build.0 = Release|iPhoneSimulator
		{AAF8215A-A46B-49E0-BAC4-0AC7588CD5BA}.Release|iPhoneSimulator.Deploy.0 = Release|iPhoneSimulator
		{3EDFD3DD-D9D5-45C4-B707-06B3A8C25A6F}.Debug|Any CPU.ActiveCfg = Debug|Any CPU
		{3EDFD3DD-D9D5-45C4-B707-06B3A8C25A6F}.Debug|Any CPU.Build.0 = Debug|Any CPU
		{3EDFD3DD-D9D5-45C4-B707-06B3A8C25A6F}.Debug|Any CPU.Deploy.0 = Debug|Any CPU
		{3EDFD3DD-D9D5-45C4-B707-06B3A8C25A6F}.Debug|iPhone.ActiveCfg = Debug|Any CPU
		{3EDFD3DD-D9D5-45C4-B707-06B3A8C25A6F}.Debug|iPhone.Build.0 = Debug|Any CPU
		{3EDFD3DD-D9D5-45C4-B707-06B3A8C25A6F}.Debug|iPhone.Deploy.0 = Debug|Any CPU
		{3EDFD3DD-D9D5-45C4-B707-06B3A8C25A6F}.Debug|iPhoneSimulator.ActiveCfg = Debug|Any CPU
		{3EDFD3DD-D9D5-45C4-B707-06B3A8C25A6F}.Debug|iPhoneSimulator.Build.0 = Debug|Any CPU
		{3EDFD3DD-D9D5-45C4-B707-06B3A8C25A6F}.Debug|iPhoneSimulator.Deploy.0 = Debug|Any CPU
		{3EDFD3DD-D9D5-45C4-B707-06B3A8C25A6F}.Release|Any CPU.ActiveCfg = Release|Any CPU
		{3EDFD3DD-D9D5-45C4-B707-06B3A8C25A6F}.Release|Any CPU.Build.0 = Release|Any CPU
		{3EDFD3DD-D9D5-45C4-B707-06B3A8C25A6F}.Release|Any CPU.Deploy.0 = Release|Any CPU
		{3EDFD3DD-D9D5-45C4-B707-06B3A8C25A6F}.Release|iPhone.ActiveCfg = Release|Any CPU
		{3EDFD3DD-D9D5-45C4-B707-06B3A8C25A6F}.Release|iPhone.Build.0 = Release|Any CPU
		{3EDFD3DD-D9D5-45C4-B707-06B3A8C25A6F}.Release|iPhone.Deploy.0 = Release|Any CPU
		{3EDFD3DD-D9D5-45C4-B707-06B3A8C25A6F}.Release|iPhoneSimulator.ActiveCfg = Release|Any CPU
		{3EDFD3DD-D9D5-45C4-B707-06B3A8C25A6F}.Release|iPhoneSimulator.Build.0 = Release|Any CPU
		{3EDFD3DD-D9D5-45C4-B707-06B3A8C25A6F}.Release|iPhoneSimulator.Deploy.0 = Release|Any CPU
	EndGlobalSection
	GlobalSection(SolutionProperties) = preSolution
		HideSolutionNode = FALSE
	EndGlobalSection
	GlobalSection(ExtensibilityGlobals) = postSolution
		SolutionGuid = {F2705A7F-1981-43E5-A479-AF155E07DFCF}
	EndGlobalSection
EndGlobal
